
Microsoft Visual Studio Solution File, Format Version 12.00
# Visual Studio Version 17
VisualStudioVersion = 17.3.32929.385
MinimumVisualStudioVersion = 10.0.40219.1
Project("{FAE04EC0-301F-11D3-BF4B-00C04F79EFBC}") = "Lab18WpfApp", "Lab18WpfApp\Lab18WpfApp.csproj", "{783A65EE-4A2E-4ED7-A9DE-2B756DD3E267}"
EndProject
Global
	GlobalSection(SolutionConfigurationPlatforms) = preSolution
		Debug|Any CPU = Debug|Any CPU
		Release|Any CPU = Release|Any CPU
	EndGlobalSection
	GlobalSection(ProjectConfigurationPlatforms) = postSolution
		{783A65EE-4A2E-4ED7-A9DE-2B756DD3E267}.Debug|Any CPU.ActiveCfg = Debug|Any CPU
		{783A65EE-4A2E-4ED7-A9DE-2B756DD3E267}.Debug|Any CPU.Build.0 = Debug|Any CPU
		{783A65EE-4A2E-4ED7-A9DE-2B756DD3E267}.Release|Any CPU.ActiveCfg = Release|Any CPU
		{783A65EE-4A2E-4ED7-A9DE-2B756DD3E267}.Release|Any CPU.Build.0 = Release|Any CPU
	EndGlobalSection
	GlobalSection(SolutionProperties) = preSolution
		HideSolutionNode = FALSE
	EndGlobalSection
	GlobalSection(ExtensibilityGlobals) = postSolution
		SolutionGuid = {AE8517B5-680F-43D5-A9F7-BDF52F5AA5C4}
	EndGlobalSection
EndGlobal
